
Microsoft Visual Studio Solution File, Format Version 12.00
# Visual Studio Version 17
VisualStudioVersion = 17.4.33103.184
MinimumVisualStudioVersion = 10.0.40219.1
Project("{FAE04EC0-301F-11D3-BF4B-00C04F79EFBC}") = "PatikaProject", "PatikaProject\PatikaProject.csproj", "{473CAA0A-86FD-456D-8662-15FC98EE3A16}"
EndProject
Global
	GlobalSection(SolutionConfigurationPlatforms) = preSolution
		Debug|Any CPU = Debug|Any CPU
		Release|Any CPU = Release|Any CPU
	EndGlobalSection
	GlobalSection(ProjectConfigurationPlatforms) = postSolution
		{473CAA0A-86FD-456D-8662-15FC98EE3A16}.Debug|Any CPU.ActiveCfg = Debug|Any CPU
		{473CAA0A-86FD-456D-8662-15FC98EE3A16}.Debug|Any CPU.Build.0 = Debug|Any CPU
		{473CAA0A-86FD-456D-8662-15FC98EE3A16}.Release|Any CPU.ActiveCfg = Release|Any CPU
		{473CAA0A-86FD-456D-8662-15FC98EE3A16}.Release|Any CPU.Build.0 = Release|Any CPU
	EndGlobalSection
	GlobalSection(SolutionProperties) = preSolution
		HideSolutionNode = FALSE
	EndGlobalSection
	GlobalSection(ExtensibilityGlobals) = postSolution
		SolutionGuid = {FA9D8648-71AF-4FA8-8865-0DBFE503B1E0}
	EndGlobalSection
EndGlobal
